
Microsoft Visual Studio Solution File, Format Version 12.00
# Visual Studio Version 17
VisualStudioVersion = 17.2.32616.157
MinimumVisualStudioVersion = 10.0.40219.1
Project("{8BC9CEB8-8B4A-11D0-8D11-00A0C91BC942}") = "公交车大作业动画版", "公交车大作业动画版.vcxproj", "{B9D0AA29-2955-4F21-A3B8-4AE32552E259}"
EndProject
Global
	GlobalSection(SolutionConfigurationPlatforms) = preSolution
		Debug|x64 = Debug|x64
		Debug|x86 = Debug|x86
		Release|x64 = Release|x64
		Release|x86 = Release|x86
	EndGlobalSection
	GlobalSection(ProjectConfigurationPlatforms) = postSolution
		{B9D0AA29-2955-4F21-A3B8-4AE32552E259}.Debug|x64.ActiveCfg = Debug|x64
		{B9D0AA29-2955-4F21-A3B8-4AE32552E259}.Debug|x64.Build.0 = Debug|x64
		{B9D0AA29-2955-4F21-A3B8-4AE32552E259}.Debug|x86.ActiveCfg = Debug|Win32
		{B9D0AA29-2955-4F21-A3B8-4AE32552E259}.Debug|x86.Build.0 = Debug|Win32
		{B9D0AA29-2955-4F21-A3B8-4AE32552E259}.Release|x64.ActiveCfg = Release|x64
		{B9D0AA29-2955-4F21-A3B8-4AE32552E259}.Release|x64.Build.0 = Release|x64
		{B9D0AA29-2955-4F21-A3B8-4AE32552E259}.Release|x86.ActiveCfg = Release|Win32
		{B9D0AA29-2955-4F21-A3B8-4AE32552E259}.Release|x86.Build.0 = Release|Win32
	EndGlobalSection
	GlobalSection(SolutionProperties) = preSolution
		HideSolutionNode = FALSE
	EndGlobalSection
	GlobalSection(ExtensibilityGlobals) = postSolution
		SolutionGuid = {C8583625-77DE-4944-AC28-9A2256648493}
	EndGlobalSection
EndGlobal
